
Microsoft Visual Studio Solution File, Format Version 12.00
# Visual Studio Version 17
VisualStudioVersion = 17.4.33122.133
MinimumVisualStudioVersion = 10.0.40219.1
Project("{FAE04EC0-301F-11D3-BF4B-00C04F79EFBC}") = "webApiTemplate", "webApiTemplate\webApiTemplate.csproj", "{8E3AC8E8-43CD-4726-BED5-EDFFAAAAA8FD}"
EndProject
Global
	GlobalSection(SolutionConfigurationPlatforms) = preSolution
		Debug|Any CPU = Debug|Any CPU
		Release|Any CPU = Release|Any CPU
	EndGlobalSection
	GlobalSection(ProjectConfigurationPlatforms) = postSolution
		{8E3AC8E8-43CD-4726-BED5-EDFFAAAAA8FD}.Debug|Any CPU.ActiveCfg = Debug|Any CPU
		{8E3AC8E8-43CD-4726-BED5-EDFFAAAAA8FD}.Debug|Any CPU.Build.0 = Debug|Any CPU
		{8E3AC8E8-43CD-4726-BED5-EDFFAAAAA8FD}.Release|Any CPU.ActiveCfg = Release|Any CPU
		{8E3AC8E8-43CD-4726-BED5-EDFFAAAAA8FD}.Release|Any CPU.Build.0 = Release|Any CPU
	EndGlobalSection
	GlobalSection(SolutionProperties) = preSolution
		HideSolutionNode = FALSE
	EndGlobalSection
	GlobalSection(ExtensibilityGlobals) = postSolution
		SolutionGuid = {2B376326-B717-41DD-AB70-6A29BD5F6570}
	EndGlobalSection
EndGlobal
